
Microsoft Visual Studio Solution File, Format Version 12.00
# Visual Studio 2012
Project("{FAE04EC0-301F-11D3-BF4B-00C04F79EFBC}") = "Redbolts.LoadAgainAndAgain", "Redbolts.LoadAgainAndAgain\Redbolts.LoadAgainAndAgain.csproj", "{57DFA266-5773-4B9F-95FD-3EBFCA33A699}"
EndProject
Project("{FAE04EC0-301F-11D3-BF4B-00C04F79EFBC}") = "Redbolts.DoSomeWork", "Redbolts.DoSomeWork\Redbolts.DoSomeWork.csproj", "{58F9B1DF-A1EB-4B37-9F70-786DD7BECACB}"
EndProject
Project("{2150E333-8FDC-42A3-9474-1A3956D46DE8}") = "Solution Items", "Solution Items", "{10C20BD7-3C54-4575-8899-02662AD87FC3}"
	ProjectSection(SolutionItems) = preProject
		README.md = README.md
		Redbolts.LoadAgainAndAgain.addin = Redbolts.LoadAgainAndAgain.addin
	EndProjectSection
EndProject
Global
	GlobalSection(SolutionConfigurationPlatforms) = preSolution
		Debug|Any CPU = Debug|Any CPU
		Release|Any CPU = Release|Any CPU
	EndGlobalSection
	GlobalSection(ProjectConfigurationPlatforms) = postSolution
		{57DFA266-5773-4B9F-95FD-3EBFCA33A699}.Debug|Any CPU.ActiveCfg = Debug|Any CPU
		{57DFA266-5773-4B9F-95FD-3EBFCA33A699}.Debug|Any CPU.Build.0 = Debug|Any CPU
		{57DFA266-5773-4B9F-95FD-3EBFCA33A699}.Release|Any CPU.ActiveCfg = Release|Any CPU
		{57DFA266-5773-4B9F-95FD-3EBFCA33A699}.Release|Any CPU.Build.0 = Release|Any CPU
		{58F9B1DF-A1EB-4B37-9F70-786DD7BECACB}.Debug|Any CPU.ActiveCfg = Debug|Any CPU
		{58F9B1DF-A1EB-4B37-9F70-786DD7BECACB}.Debug|Any CPU.Build.0 = Debug|Any CPU
		{58F9B1DF-A1EB-4B37-9F70-786DD7BECACB}.Release|Any CPU.ActiveCfg = Release|Any CPU
		{58F9B1DF-A1EB-4B37-9F70-786DD7BECACB}.Release|Any CPU.Build.0 = Release|Any CPU
	EndGlobalSection
	GlobalSection(SolutionProperties) = preSolution
		HideSolutionNode = FALSE
	EndGlobalSection
EndGlobal
